Microsoft Visual Studio Solution File, Format Version 11.00
# Visual Studio 2010
Project("{F184B08F-C81C-45F6-A57F-5ABD9991F28F}") = "CustomDrawButtonEvent", "CustomDrawButtonEvent\CustomDrawButtonEvent.vbproj", "{033C60EE-4655-403B-886E-726DAE0F3169}"
EndProject
Global
	GlobalSection(SolutionConfigurationPlatforms) = preSolution
		Debug|x86 = Debug|x86
		Release|x86 = Release|x86
	EndGlobalSection
	GlobalSection(ProjectConfigurationPlatforms) = postSolution
		{033C60EE-4655-403B-886E-726DAE0F3169}.Debug|x86.ActiveCfg = Debug|x86
		{033C60EE-4655-403B-886E-726DAE0F3169}.Debug|x86.Build.0 = Debug|x86
		{033C60EE-4655-403B-886E-726DAE0F3169}.Release|x86.ActiveCfg = Release|x86
		{033C60EE-4655-403B-886E-726DAE0F3169}.Release|x86.Build.0 = Release|x86
	EndGlobalSection
	GlobalSection(SolutionProperties) = preSolution
		HideSolutionNode = FALSE
	EndGlobalSection
EndGlobal
